
Microsoft Visual Studio Solution File, Format Version 12.00
# Visual Studio Version 17
VisualStudioVersion = 17.0.31912.275
MinimumVisualStudioVersion = 10.0.40219.1
Project("{FAE04EC0-301F-11D3-BF4B-00C04F79EFBC}") = "11-04-2022 part 2", "11-04-2022 part 2\11-04-2022 part 2.csproj", "{8D8A6E15-A9E8-498E-9E9B-FCB594AC51BF}"
EndProject
Global
	GlobalSection(SolutionConfigurationPlatforms) = preSolution
		Debug|Any CPU = Debug|Any CPU
		Release|Any CPU = Release|Any CPU
	EndGlobalSection
	GlobalSection(ProjectConfigurationPlatforms) = postSolution
		{8D8A6E15-A9E8-498E-9E9B-FCB594AC51BF}.Debug|Any CPU.ActiveCfg = Debug|Any CPU
		{8D8A6E15-A9E8-498E-9E9B-FCB594AC51BF}.Debug|Any CPU.Build.0 = Debug|Any CPU
		{8D8A6E15-A9E8-498E-9E9B-FCB594AC51BF}.Release|Any CPU.ActiveCfg = Release|Any CPU
		{8D8A6E15-A9E8-498E-9E9B-FCB594AC51BF}.Release|Any CPU.Build.0 = Release|Any CPU
	EndGlobalSection
	GlobalSection(SolutionProperties) = preSolution
		HideSolutionNode = FALSE
	EndGlobalSection
	GlobalSection(ExtensibilityGlobals) = postSolution
		SolutionGuid = {4AE08A68-6D5E-4CF4-B3E0-44B8C9B72BDE}
	EndGlobalSection
EndGlobal
